
Microsoft Visual Studio Solution File, Format Version 12.00
# Visual Studio Version 16
VisualStudioVersion = 16.0.31019.35
MinimumVisualStudioVersion = 10.0.40219.1
Project("{FAE04EC0-301F-11D3-BF4B-00C04F79EFBC}") = "expenses-tracker", "expenses-tracker\expenses-tracker.csproj", "{82EA2F05-9937-4BF1-9AC5-065930E29CA3}"
EndProject
Global
	GlobalSection(SolutionConfigurationPlatforms) = preSolution
		Debug|Any CPU = Debug|Any CPU
		Release|Any CPU = Release|Any CPU
	EndGlobalSection
	GlobalSection(ProjectConfigurationPlatforms) = postSolution
		{82EA2F05-9937-4BF1-9AC5-065930E29CA3}.Debug|Any CPU.ActiveCfg = Debug|Any CPU
		{82EA2F05-9937-4BF1-9AC5-065930E29CA3}.Debug|Any CPU.Build.0 = Debug|Any CPU
		{82EA2F05-9937-4BF1-9AC5-065930E29CA3}.Release|Any CPU.ActiveCfg = Release|Any CPU
		{82EA2F05-9937-4BF1-9AC5-065930E29CA3}.Release|Any CPU.Build.0 = Release|Any CPU
	EndGlobalSection
	GlobalSection(SolutionProperties) = preSolution
		HideSolutionNode = FALSE
	EndGlobalSection
	GlobalSection(ExtensibilityGlobals) = postSolution
		SolutionGuid = {9BCDAB65-E5BB-4D61-82CB-04D76C477B0C}
	EndGlobalSection
EndGlobal
